
Microsoft Visual Studio Solution File, Format Version 12.00
# Visual Studio Version 17
VisualStudioVersion = 17.7.34018.315
MinimumVisualStudioVersion = 10.0.40219.1
Project("{FAE04EC0-301F-11D3-BF4B-00C04F79EFBC}") = "ConsoleApp2", "ConsoleApp2.csproj", "{0B55C841-93F1-40B0-8C28-7CE439EC26CA}"
EndProject
Global
	GlobalSection(SolutionConfigurationPlatforms) = preSolution
		Debug|Any CPU = Debug|Any CPU
		Release|Any CPU = Release|Any CPU
	EndGlobalSection
	GlobalSection(ProjectConfigurationPlatforms) = postSolution
		{0B55C841-93F1-40B0-8C28-7CE439EC26CA}.Debug|Any CPU.ActiveCfg = Debug|Any CPU
		{0B55C841-93F1-40B0-8C28-7CE439EC26CA}.Debug|Any CPU.Build.0 = Debug|Any CPU
		{0B55C841-93F1-40B0-8C28-7CE439EC26CA}.Release|Any CPU.ActiveCfg = Release|Any CPU
		{0B55C841-93F1-40B0-8C28-7CE439EC26CA}.Release|Any CPU.Build.0 = Release|Any CPU
	EndGlobalSection
	GlobalSection(SolutionProperties) = preSolution
		HideSolutionNode = FALSE
	EndGlobalSection
	GlobalSection(ExtensibilityGlobals) = postSolution
		SolutionGuid = {1F125E4C-0A99-41CF-A2F4-719B03728CF6}
	EndGlobalSection
EndGlobal
